
Microsoft Visual Studio Solution File, Format Version 12.00
# Visual Studio Version 16
VisualStudioVersion = 16.0.30517.126
MinimumVisualStudioVersion = 10.0.40219.1
Project("{2150E333-8FDC-42A3-9474-1A3956D46DE8}") = "1- Service", "1- Service", "{F1A86D90-B441-4014-A98B-F3D5D0A53253}"
EndProject
Project("{FAE04EC0-301F-11D3-BF4B-00C04F79EFBC}") = "Ucl.PontoNet.Api", "Ucl.PontoNet.Api\Ucl.PontoNet.Api.csproj", "{C84DE3FA-E23B-4401-88DF-A5A5EEFB3943}"
EndProject
Project("{2150E333-8FDC-42A3-9474-1A3956D46DE8}") = "2 - Application", "2 - Application", "{CC280E9C-2FD4-451E-8DA2-244B30B8D101}"
EndProject
Project("{FAE04EC0-301F-11D3-BF4B-00C04F79EFBC}") = "Ucl.PontoNet.Application", "Ucl.PontoNet.Application\Ucl.PontoNet.Application.csproj", "{B6C348C8-02D8-44E4-BEA7-895ED470E554}"
EndProject
Project("{FAE04EC0-301F-11D3-BF4B-00C04F79EFBC}") = "Ucl.PontoNet.Application.Core", "Ucl.PontoNet.Application.Core\Ucl.PontoNet.Application.Core.csproj", "{F668D433-9560-4160-94A8-40C51599CE0E}"
EndProject
Project("{2150E333-8FDC-42A3-9474-1A3956D46DE8}") = "3 - Domain", "3 - Domain", "{FBB96A5F-B201-48AE-B0F3-FCA9C59377AF}"
EndProject
Project("{FAE04EC0-301F-11D3-BF4B-00C04F79EFBC}") = "Ucl.PontoNet.Domain", "Ucl.PontoNet.Domain\Ucl.PontoNet.Domain.csproj", "{65227B57-6EF2-4E00-863F-F9F04C04CC32}"
EndProject
Project("{FAE04EC0-301F-11D3-BF4B-00C04F79EFBC}") = "Ucl.PontoNet.Domain.Core", "Ucl.PontoNet.Domain.Core\Ucl.PontoNet.Domain.Core.csproj", "{B6537185-F3DB-4BD9-B6E2-1CC485306229}"
EndProject
Project("{2150E333-8FDC-42A3-9474-1A3956D46DE8}") = "4 - Infra", "4 - Infra", "{539C00BF-C74F-4F43-859C-71BC6E548CED}"
EndProject
Project("{2150E333-8FDC-42A3-9474-1A3956D46DE8}") = "4.1 - Data", "4.1 - Data", "{C67993F8-17ED-40F2-AE4F-73611DDE7BFA}"
EndProject
Project("{FAE04EC0-301F-11D3-BF4B-00C04F79EFBC}") = "Ucl.PontoNet.Infra.Data", "Ucl.PontoNet.Infra.Data\Ucl.PontoNet.Infra.Data.csproj", "{2E5D0FC8-3021-44A7-B7BC-CCCFA09015BF}"
EndProject
Project("{2150E333-8FDC-42A3-9474-1A3956D46DE8}") = "4.2 - CrossCutting", "4.2 - CrossCutting", "{8192870C-447D-41E4-AC44-5252EAB0FE95}"
EndProject
Project("{FAE04EC0-301F-11D3-BF4B-00C04F79EFBC}") = "Ucl.PontoNet.Infra.CrossCutting.IoC", "Ucl.PontoNet.Infra.CrossCutting.IoC\Ucl.PontoNet.Infra.CrossCutting.IoC.csproj", "{7822DD0D-C090-47D6-9C70-6EB3A8783EDD}"
EndProject
Project("{2150E333-8FDC-42A3-9474-1A3956D46DE8}") = "5 - Test", "5 - Test", "{408522DE-CDDF-416A-8DA6-E2F8E93C6B6D}"
EndProject
Project("{FAE04EC0-301F-11D3-BF4B-00C04F79EFBC}") = "Ucl.PontoNet.Test", "Ucl.PontoNet.Test\Ucl.PontoNet.Test.csproj", "{A26268F6-0793-4980-83EA-205FCE1BF258}"
EndProject
Global
	GlobalSection(SolutionConfigurationPlatforms) = preSolution
		Debug|Any CPU = Debug|Any CPU
		Release|Any CPU = Release|Any CPU
	EndGlobalSection
	GlobalSection(ProjectConfigurationPlatforms) = postSolution
		{C84DE3FA-E23B-4401-88DF-A5A5EEFB3943}.Debug|Any CPU.ActiveCfg = Debug|Any CPU
		{C84DE3FA-E23B-4401-88DF-A5A5EEFB3943}.Debug|Any CPU.Build.0 = Debug|Any CPU
		{C84DE3FA-E23B-4401-88DF-A5A5EEFB3943}.Release|Any CPU.ActiveCfg = Release|Any CPU
		{C84DE3FA-E23B-4401-88DF-A5A5EEFB3943}.Release|Any CPU.Build.0 = Release|Any CPU
		{B6C348C8-02D8-44E4-BEA7-895ED470E554}.Debug|Any CPU.ActiveCfg = Debug|Any CPU
		{B6C348C8-02D8-44E4-BEA7-895ED470E554}.Debug|Any CPU.Build.0 = Debug|Any CPU
		{B6C348C8-02D8-44E4-BEA7-895ED470E554}.Release|Any CPU.ActiveCfg = Release|Any CPU
		{B6C348C8-02D8-44E4-BEA7-895ED470E554}.Release|Any CPU.Build.0 = Release|Any CPU
		{F668D433-9560-4160-94A8-40C51599CE0E}.Debug|Any CPU.ActiveCfg = Debug|Any CPU
		{F668D433-9560-4160-94A8-40C51599CE0E}.Debug|Any CPU.Build.0 = Debug|Any CPU
		{F668D433-9560-4160-94A8-40C51599CE0E}.Release|Any CPU.ActiveCfg = Release|Any CPU
		{F668D433-9560-4160-94A8-40C51599CE0E}.Release|Any CPU.Build.0 = Release|Any CPU
		{65227B57-6EF2-4E00-863F-F9F04C04CC32}.Debug|Any CPU.ActiveCfg = Debug|Any CPU
		{65227B57-6EF2-4E00-863F-F9F04C04CC32}.Debug|Any CPU.Build.0 = Debug|Any CPU
		{65227B57-6EF2-4E00-863F-F9F04C04CC32}.Release|Any CPU.ActiveCfg = Release|Any CPU
		{65227B57-6EF2-4E00-863F-F9F04C04CC32}.Release|Any CPU.Build.0 = Release|Any CPU
		{B6537185-F3DB-4BD9-B6E2-1CC485306229}.Debug|Any CPU.ActiveCfg = Debug|Any CPU
		{B6537185-F3DB-4BD9-B6E2-1CC485306229}.Debug|Any CPU.Build.0 = Debug|Any CPU
		{B6537185-F3DB-4BD9-B6E2-1CC485306229}.Release|Any CPU.ActiveCfg = Release|Any CPU
		{B6537185-F3DB-4BD9-B6E2-1CC485306229}.Release|Any CPU.Build.0 = Release|Any CPU
		{2E5D0FC8-3021-44A7-B7BC-CCCFA09015BF}.Debug|Any CPU.ActiveCfg = Debug|Any CPU
		{2E5D0FC8-3021-44A7-B7BC-CCCFA09015BF}.Debug|Any CPU.Build.0 = Debug|Any CPU
		{2E5D0FC8-3021-44A7-B7BC-CCCFA09015BF}.Release|Any CPU.ActiveCfg = Release|Any CPU
		{2E5D0FC8-3021-44A7-B7BC-CCCFA09015BF}.Release|Any CPU.Build.0 = Release|Any CPU
		{7822DD0D-C090-47D6-9C70-6EB3A8783EDD}.Debug|Any CPU.ActiveCfg = Debug|Any CPU
		{7822DD0D-C090-47D6-9C70-6EB3A8783EDD}.Debug|Any CPU.Build.0 = Debug|Any CPU
		{7822DD0D-C090-47D6-9C70-6EB3A8783EDD}.Release|Any CPU.ActiveCfg = Release|Any CPU
		{7822DD0D-C090-47D6-9C70-6EB3A8783EDD}.Release|Any CPU.Build.0 = Release|Any CPU
		{A26268F6-0793-4980-83EA-205FCE1BF258}.Debug|Any CPU.ActiveCfg = Debug|Any CPU
		{A26268F6-0793-4980-83EA-205FCE1BF258}.Debug|Any CPU.Build.0 = Debug|Any CPU
		{A26268F6-0793-4980-83EA-205FCE1BF258}.Release|Any CPU.ActiveCfg = Release|Any CPU
		{A26268F6-0793-4980-83EA-205FCE1BF258}.Release|Any CPU.Build.0 = Release|Any CPU
	EndGlobalSection
	GlobalSection(SolutionProperties) = preSolution
		HideSolutionNode = FALSE
	EndGlobalSection
	GlobalSection(NestedProjects) = preSolution
		{C84DE3FA-E23B-4401-88DF-A5A5EEFB3943} = {F1A86D90-B441-4014-A98B-F3D5D0A53253}
		{B6C348C8-02D8-44E4-BEA7-895ED470E554} = {CC280E9C-2FD4-451E-8DA2-244B30B8D101}
		{F668D433-9560-4160-94A8-40C51599CE0E} = {CC280E9C-2FD4-451E-8DA2-244B30B8D101}
		{65227B57-6EF2-4E00-863F-F9F04C04CC32} = {FBB96A5F-B201-48AE-B0F3-FCA9C59377AF}
		{B6537185-F3DB-4BD9-B6E2-1CC485306229} = {FBB96A5F-B201-48AE-B0F3-FCA9C59377AF}
		{C67993F8-17ED-40F2-AE4F-73611DDE7BFA} = {539C00BF-C74F-4F43-859C-71BC6E548CED}
		{2E5D0FC8-3021-44A7-B7BC-CCCFA09015BF} = {C67993F8-17ED-40F2-AE4F-73611DDE7BFA}
		{8192870C-447D-41E4-AC44-5252EAB0FE95} = {539C00BF-C74F-4F43-859C-71BC6E548CED}
		{7822DD0D-C090-47D6-9C70-6EB3A8783EDD} = {8192870C-447D-41E4-AC44-5252EAB0FE95}
		{A26268F6-0793-4980-83EA-205FCE1BF258} = {408522DE-CDDF-416A-8DA6-E2F8E93C6B6D}
	EndGlobalSection
	GlobalSection(ExtensibilityGlobals) = postSolution
		SolutionGuid = {970D52C6-A24B-4E87-BBA1-CF1EC79C2885}
	EndGlobalSection
EndGlobal
